
Microsoft Visual Studio Solution File, Format Version 12.00
# Visual Studio Version 16
VisualStudioVersion = 16.0.31729.503
MinimumVisualStudioVersion = 10.0.40219.1
Project("{FAE04EC0-301F-11D3-BF4B-00C04F79EFBC}") = "GUI", "QlSinhVien\GUI.csproj", "{D468EFC4-9E62-4ADE-830D-FFF23BFEB867}"
EndProject
Project("{FAE04EC0-301F-11D3-BF4B-00C04F79EFBC}") = "DTO", "DTO\DTO.csproj", "{3F85FF32-B0BB-45B6-A9A6-C57D8F555206}"
EndProject
Project("{FAE04EC0-301F-11D3-BF4B-00C04F79EFBC}") = "DAL", "DAL\DAL.csproj", "{A4E0F80D-F2A2-481C-B802-C99072299CB9}"
EndProject
Project("{FAE04EC0-301F-11D3-BF4B-00C04F79EFBC}") = "BUS", "BUS\BUS.csproj", "{BDB8FFC8-551C-40A2-986F-A810E6FA1317}"
EndProject
Global
	GlobalSection(SolutionConfigurationPlatforms) = preSolution
		Debug|Any CPU = Debug|Any CPU
		Release|Any CPU = Release|Any CPU
	EndGlobalSection
	GlobalSection(ProjectConfigurationPlatforms) = postSolution
		{D468EFC4-9E62-4ADE-830D-FFF23BFEB867}.Debug|Any CPU.ActiveCfg = Debug|Any CPU
		{D468EFC4-9E62-4ADE-830D-FFF23BFEB867}.Debug|Any CPU.Build.0 = Debug|Any CPU
		{D468EFC4-9E62-4ADE-830D-FFF23BFEB867}.Release|Any CPU.ActiveCfg = Release|Any CPU
		{D468EFC4-9E62-4ADE-830D-FFF23BFEB867}.Release|Any CPU.Build.0 = Release|Any CPU
		{3F85FF32-B0BB-45B6-A9A6-C57D8F555206}.Debug|Any CPU.ActiveCfg = Debug|Any CPU
		{3F85FF32-B0BB-45B6-A9A6-C57D8F555206}.Debug|Any CPU.Build.0 = Debug|Any CPU
		{3F85FF32-B0BB-45B6-A9A6-C57D8F555206}.Release|Any CPU.ActiveCfg = Release|Any CPU
		{3F85FF32-B0BB-45B6-A9A6-C57D8F555206}.Release|Any CPU.Build.0 = Release|Any CPU
		{A4E0F80D-F2A2-481C-B802-C99072299CB9}.Debug|Any CPU.ActiveCfg = Debug|Any CPU
		{A4E0F80D-F2A2-481C-B802-C99072299CB9}.Debug|Any CPU.Build.0 = Debug|Any CPU
		{A4E0F80D-F2A2-481C-B802-C99072299CB9}.Release|Any CPU.ActiveCfg = Release|Any CPU
		{A4E0F80D-F2A2-481C-B802-C99072299CB9}.Release|Any CPU.Build.0 = Release|Any CPU
		{BDB8FFC8-551C-40A2-986F-A810E6FA1317}.Debug|Any CPU.ActiveCfg = Debug|Any CPU
		{BDB8FFC8-551C-40A2-986F-A810E6FA1317}.Debug|Any CPU.Build.0 = Debug|Any CPU
		{BDB8FFC8-551C-40A2-986F-A810E6FA1317}.Release|Any CPU.ActiveCfg = Release|Any CPU
		{BDB8FFC8-551C-40A2-986F-A810E6FA1317}.Release|Any CPU.Build.0 = Release|Any CPU
	EndGlobalSection
	GlobalSection(SolutionProperties) = preSolution
		HideSolutionNode = FALSE
	EndGlobalSection
	GlobalSection(ExtensibilityGlobals) = postSolution
		SolutionGuid = {43693CBA-D704-4D1E-B34B-0BD57A5E86D2}
	EndGlobalSection
EndGlobal
